// !$*UTF8*$!
{
	archiveVersion = 1;
	classes = {
	};
	objectVersion = 50;
	objects = {

/* Begin PBXBuildFile section */
		4EE128952267C58500196EED /* AboutUsViewController.swift in Sources */ = {isa = PBXBuildFile; fileRef = 4EE128942267C58500196EED /* AboutUsViewController.swift */; };
		4EE12898226B3B1900196EED /* IconDetails.swift in Sources */ = {isa = PBXBuildFile; fileRef = 4EE12897226B3B1900196EED /* IconDetails.swift */; };
		4EE1289B226B507F00196EED /* Protocols.swift in Sources */ = {isa = PBXBuildFile; fileRef = 4EE1289A226B507F00196EED /* Protocols.swift */; };
		4EE1289D226B548D00196EED /* Extensions.swift in Sources */ = {isa = PBXBuildFile; fileRef = 4EE1289C226B548D00196EED /* Extensions.swift */; };
		4EE128A0226B63E600196EED /* CoreDataRequests.swift in Sources */ = {isa = PBXBuildFile; fileRef = 4EE1289F226B63E600196EED /* CoreDataRequests.swift */; };
		4EE128A3226B662400196EED /* imageCell.swift in Sources */ = {isa = PBXBuildFile; fileRef = 4EE128A1226B662400196EED /* imageCell.swift */; };
		4EE128A4226B662400196EED /* imageCell.xib in Resources */ = {isa = PBXBuildFile; fileRef = 4EE128A2226B662400196EED /* imageCell.xib */; };
		4EE128A6226B672200196EED /* AlbumViewViewModel.swift in Sources */ = {isa = PBXBuildFile; fileRef = 4EE128A5226B672200196EED /* AlbumViewViewModel.swift */; };
		4EE128A8226CAEFF00196EED /* Images.swift in Sources */ = {isa = PBXBuildFile; fileRef = 4EE128A7226CAEFF00196EED /* Images.swift */; };
		4EE128AA226CAFDB00196EED /* UserdefaultHelper.swift in Sources */ = {isa = PBXBuildFile; fileRef = 4EE128A9226CAFDB00196EED /* UserdefaultHelper.swift */; };
		4EE59B46226378520012C557 /* AppDelegate.swift in Sources */ = {isa = PBXBuildFile; fileRef = 4EE59B45226378520012C557 /* AppDelegate.swift */; };
		4EE59B4B226378520012C557 /* Main.storyboard in Resources */ = {isa = PBXBuildFile; fileRef = 4EE59B49226378520012C557 /* Main.storyboard */; };
		4EE59B4E226378520012C557 /* FoodScanner.xcdatamodeld in Sources */ = {isa = PBXBuildFile; fileRef = 4EE59B4C226378520012C557 /* FoodScanner.xcdatamodeld */; };
		4EE59B50226378530012C557 /* Assets.xcassets in Resources */ = {isa = PBXBuildFile; fileRef = 4EE59B4F226378530012C557 /* Assets.xcassets */; };
		4EE59B53226378530012C557 /* LaunchScreen.storyboard in Resources */ = {isa = PBXBuildFile; fileRef = 4EE59B51226378530012C557 /* LaunchScreen.storyboard */; };
		4EE59B5E226378540012C557 /* FoodScannerTests.swift in Sources */ = {isa = PBXBuildFile; fileRef = 4EE59B5D226378540012C557 /* FoodScannerTests.swift */; };
		4EE59B6A22637A200012C557 /* Authentication.storyboard in Resources */ = {isa = PBXBuildFile; fileRef = 4EE59B6922637A200012C557 /* Authentication.storyboard */; };
		4EE59B6D22637A990012C557 /* LoginViewController.swift in Sources */ = {isa = PBXBuildFile; fileRef = 4EE59B6C22637A990012C557 /* LoginViewController.swift */; };
		4EE59B7122637BC90012C557 /* RegistrationViewController.swift in Sources */ = {isa = PBXBuildFile; fileRef = 4EE59B7022637BC90012C557 /* RegistrationViewController.swift */; };
		4EE59B75226383BC0012C557 /* MainViewController.swift in Sources */ = {isa = PBXBuildFile; fileRef = 4EE59B74226383BC0012C557 /* MainViewController.swift */; };
		4EE59B78226383ED0012C557 /* CameraViewController.swift in Sources */ = {isa = PBXBuildFile; fileRef = 4EE59B77226383ED0012C557 /* CameraViewController.swift */; };
		4EE59B7B2263841C0012C557 /* AlbumViewController.swift in Sources */ = {isa = PBXBuildFile; fileRef = 4EE59B7A2263841C0012C557 /* AlbumViewController.swift */; };
		4EE59B7D226395B90012C557 /* LoginViewViewModel.swift in Sources */ = {isa = PBXBuildFile; fileRef = 4EE59B7C226395B90012C557 /* LoginViewViewModel.swift */; };
		4EE59B812263B4D30012C557 /* MainViewCell.swift in Sources */ = {isa = PBXBuildFile; fileRef = 4EE59B7F2263B4D30012C557 /* MainViewCell.swift */; };
		4EE59B822263B4D30012C557 /* MainViewCell.xib in Resources */ = {isa = PBXBuildFile; fileRef = 4EE59B802263B4D30012C557 /* MainViewCell.xib */; };
		4EE59B842263B6330012C557 /* MainViewViewModel.swift in Sources */ = {isa = PBXBuildFile; fileRef = 4EE59B832263B6330012C557 /* MainViewViewModel.swift */; };
		7AE3F2BD8E5D9063114EB964 /* Pods_FoodScanner.framework in Frameworks */ = {isa = PBXBuildFile; fileRef = DD7701F9F1608E9CE7CBF975 /* Pods_FoodScanner.framework */; };
		EC3930C07D136DEE1484952E /* Pods_FoodScannerTests.framework in Frameworks */ = {isa = PBXBuildFile; fileRef = 6576385F25FD2B5025257727 /* Pods_FoodScannerTests.framework */; };
/* End PBXBuildFile section */

/* Begin PBXContainerItemProxy section */
		4EE59B5A226378540012C557 /* PBXContainerItemProxy */ = {
			isa = PBXContainerItemProxy;
			containerPortal = 4EE59B3A226378510012C557 /* Project object */;
			proxyType = 1;
			remoteGlobalIDString = 4EE59B41226378510012C557;
			remoteInfo = FoodScanner;
		};
/* End PBXContainerItemProxy section */

/* Begin PBXFileReference section */
		40D485590108561E61050EFA /* Pods-FoodScanner.debug.xcconfig */ = {isa = PBXFileReference; includeInIndex = 1; lastKnownFileType = text.xcconfig; name = "Pods-FoodScanner.debug.xcconfig"; path = "Pods/Target Support Files/Pods-FoodScanner/Pods-FoodScanner.debug.xcconfig"; sourceTree = "<group>"; };
		4EE128942267C58500196EED /* AboutUsViewController.swift */ = {isa = PBXFileReference; lastKnownFileType = sourcecode.swift; path = AboutUsViewController.swift; sourceTree = "<group>"; };
		4EE12897226B3B1900196EED /* IconDetails.swift */ = {isa = PBXFileReference; lastKnownFileType = sourcecode.swift; path = IconDetails.swift; sourceTree = "<group>"; };
		4EE1289A226B507F00196EED /* Protocols.swift */ = {isa = PBXFileReference; lastKnownFileType = sourcecode.swift; path = Protocols.swift; sourceTree = "<group>"; };
		4EE1289C226B548D00196EED /* Extensions.swift */ = {isa = PBXFileReference; lastKnownFileType = sourcecode.swift; path = Extensions.swift; sourceTree = "<group>"; };
		4EE1289F226B63E600196EED /* CoreDataRequests.swift */ = {isa = PBXFileReference; lastKnownFileType = sourcecode.swift; path = CoreDataRequests.swift; sourceTree = "<group>"; };
		4EE128A1226B662400196EED /* imageCell.swift */ = {isa = PBXFileReference; lastKnownFileType = sourcecode.swift; path = imageCell.swift; sourceTree = "<group>"; };
		4EE128A2226B662400196EED /* imageCell.xib */ = {isa = PBXFileReference; lastKnownFileType = file.xib; path = imageCell.xib; sourceTree = "<group>"; };
		4EE128A5226B672200196EED /* AlbumViewViewModel.swift */ = {isa = PBXFileReference; lastKnownFileType = sourcecode.swift; path = AlbumViewViewModel.swift; sourceTree = "<group>"; };
		4EE128A7226CAEFF00196EED /* Images.swift */ = {isa = PBXFileReference; lastKnownFileType = sourcecode.swift; path = Images.swift; sourceTree = "<group>"; };
		4EE128A9226CAFDB00196EED /* UserdefaultHelper.swift */ = {isa = PBXFileReference; lastKnownFileType = sourcecode.swift; path = UserdefaultHelper.swift; sourceTree = "<group>"; };
		4EE59B42226378510012C557 /* FoodScanner.app */ = {isa = PBXFileReference; explicitFileType = wrapper.application; includeInIndex = 0; path = FoodScanner.app; sourceTree = BUILT_PRODUCTS_DIR; };
		4EE59B45226378520012C557 /* AppDelegate.swift */ = {isa = PBXFileReference; lastKnownFileType = sourcecode.swift; path = AppDelegate.swift; sourceTree = "<group>"; };
		4EE59B4A226378520012C557 /* Base */ = {isa = PBXFileReference; lastKnownFileType = file.storyboard; name = Base; path = Base.lproj/Main.storyboard; sourceTree = "<group>"; };
		4EE59B4D226378520012C557 /* FoodScanner.xcdatamodel */ = {isa = PBXFileReference; lastKnownFileType = wrapper.xcdatamodel; path = FoodScanner.xcdatamodel; sourceTree = "<group>"; };
		4EE59B4F226378530012C557 /* Assets.xcassets */ = {isa = PBXFileReference; lastKnownFileType = folder.assetcatalog; path = Assets.xcassets; sourceTree = "<group>"; };
		4EE59B52226378530012C557 /* Base */ = {isa = PBXFileReference; lastKnownFileType = file.storyboard; name = Base; path = Base.lproj/LaunchScreen.storyboard; sourceTree = "<group>"; };
		4EE59B54226378530012C557 /* Info.plist */ = {isa = PBXFileReference; lastKnownFileType = text.plist.xml; path = Info.plist; sourceTree = "<group>"; };
		4EE59B59226378540012C557 /* FoodScannerTests.xctest */ = {isa = PBXFileReference; explicitFileType = wrapper.cfbundle; includeInIndex = 0; path = FoodScannerTests.xctest; sourceTree = BUILT_PRODUCTS_DIR; };
		4EE59B5D226378540012C557 /* FoodScannerTests.swift */ = {isa = PBXFileReference; lastKnownFileType = sourcecode.swift; path = FoodScannerTests.swift; sourceTree = "<group>"; };
		4EE59B5F226378540012C557 /* Info.plist */ = {isa = PBXFileReference; lastKnownFileType = text.plist.xml; path = Info.plist; sourceTree = "<group>"; };
		4EE59B6922637A200012C557 /* Authentication.storyboard */ = {isa = PBXFileReference; lastKnownFileType = file.storyboard; path = Authentication.storyboard; sourceTree = "<group>"; };
		4EE59B6C22637A990012C557 /* LoginViewController.swift */ = {isa = PBXFileReference; lastKnownFileType = sourcecode.swift; path = LoginViewController.swift; sourceTree = "<group>"; };
		4EE59B7022637BC90012C557 /* RegistrationViewController.swift */ = {isa = PBXFileReference; lastKnownFileType = sourcecode.swift; path = RegistrationViewController.swift; sourceTree = "<group>"; };
		4EE59B74226383BC0012C557 /* MainViewController.swift */ = {isa = PBXFileReference; lastKnownFileType = sourcecode.swift; path = MainViewController.swift; sourceTree = "<group>"; };
		4EE59B77226383ED0012C557 /* CameraViewController.swift */ = {isa = PBXFileReference; lastKnownFileType = sourcecode.swift; path = CameraViewController.swift; sourceTree = "<group>"; };
		4EE59B7A2263841C0012C557 /* AlbumViewController.swift */ = {isa = PBXFileReference; lastKnownFileType = sourcecode.swift; path = AlbumViewController.swift; sourceTree = "<group>"; };
		4EE59B7C226395B90012C557 /* LoginViewViewModel.swift */ = {isa = PBXFileReference; lastKnownFileType = sourcecode.swift; path = LoginViewViewModel.swift; sourceTree = "<group>"; };
		4EE59B7F2263B4D30012C557 /* MainViewCell.swift */ = {isa = PBXFileReference; lastKnownFileType = sourcecode.swift; path = MainViewCell.swift; sourceTree = "<group>"; };
		4EE59B802263B4D30012C557 /* MainViewCell.xib */ = {isa = PBXFileReference; lastKnownFileType = file.xib; path = MainViewCell.xib; sourceTree = "<group>"; };
		4EE59B832263B6330012C557 /* MainViewViewModel.swift */ = {isa = PBXFileReference; lastKnownFileType = sourcecode.swift; path = MainViewViewModel.swift; sourceTree = "<group>"; };
		6576385F25FD2B5025257727 /* Pods_FoodScannerTests.framework */ = {isa = PBXFileReference; explicitFileType = wrapper.framework; includeInIndex = 0; path = Pods_FoodScannerTests.framework; sourceTree = BUILT_PRODUCTS_DIR; };
		9FADDF000B60C4BF936EBF5C /* Pods-FoodScanner.release.xcconfig */ = {isa = PBXFileReference; includeInIndex = 1; lastKnownFileType = text.xcconfig; name = "Pods-FoodScanner.release.xcconfig"; path = "Pods/Target Support Files/Pods-FoodScanner/Pods-FoodScanner.release.xcconfig"; sourceTree = "<group>"; };
		C0843D8B18B9447B51D26AB3 /* Pods-FoodScannerTests.release.xcconfig */ = {isa = PBXFileReference; includeInIndex = 1; lastKnownFileType = text.xcconfig; name = "Pods-FoodScannerTests.release.xcconfig"; path = "Pods/Target Support Files/Pods-FoodScannerTests/Pods-FoodScannerTests.release.xcconfig"; sourceTree = "<group>"; };
		CA9120020D40DA81A4D00BCD /* Pods-FoodScannerTests.debug.xcconfig */ = {isa = PBXFileReference; includeInIndex = 1; lastKnownFileType = text.xcconfig; name = "Pods-FoodScannerTests.debug.xcconfig"; path = "Pods/Target Support Files/Pods-FoodScannerTests/Pods-FoodScannerTests.debug.xcconfig"; sourceTree = "<group>"; };
		DD7701F9F1608E9CE7CBF975 /* Pods_FoodScanner.framework */ = {isa = PBXFileReference; explicitFileType = wrapper.framework; includeInIndex = 0; path = Pods_FoodScanner.framework; sourceTree = BUILT_PRODUCTS_DIR; };
/* End PBXFileReference section */

/* Begin PBXFrameworksBuildPhase section */
		4EE59B3F226378510012C557 /* Frameworks */ = {
			isa = PBXFrameworksBuildPhase;
			buildActionMask = 2147483647;
			files = (
				7AE3F2BD8E5D9063114EB964 /* Pods_FoodScanner.framework in Frameworks */,
			);
			runOnlyForDeploymentPostprocessing = 0;
		};
		4EE59B56226378530012C557 /* Frameworks */ = {
			isa = PBXFrameworksBuildPhase;
			buildActionMask = 2147483647;
			files = (
				EC3930C07D136DEE1484952E /* Pods_FoodScannerTests.framework in Frameworks */,
			);
			runOnlyForDeploymentPostprocessing = 0;
		};
/* End PBXFrameworksBuildPhase section */

/* Begin PBXGroup section */
		4437487C9790287E87F58AF8 /* Frameworks */ = {
			isa = PBXGroup;
			children = (
				DD7701F9F1608E9CE7CBF975 /* Pods_FoodScanner.framework */,
				6576385F25FD2B5025257727 /* Pods_FoodScannerTests.framework */,
			);
			name = Frameworks;
			sourceTree = "<group>";
		};
		4EE128932267C56500196EED /* AboutUsVC */ = {
			isa = PBXGroup;
			children = (
				4EE128942267C58500196EED /* AboutUsViewController.swift */,
			);
			path = AboutUsVC;
			sourceTree = "<group>";
		};
		4EE12896226B3AFA00196EED /* Models */ = {
			isa = PBXGroup;
			children = (
				4EE12897226B3B1900196EED /* IconDetails.swift */,
				4EE128A7226CAEFF00196EED /* Images.swift */,
				4EE128A9226CAFDB00196EED /* UserdefaultHelper.swift */,
			);
			path = Models;
			sourceTree = "<group>";
		};
		4EE12899226B506D00196EED /* Protocols */ = {
			isa = PBXGroup;
			children = (
				4EE1289A226B507F00196EED /* Protocols.swift */,
			);
			path = Protocols;
			sourceTree = "<group>";
		};
		4EE1289E226B63CB00196EED /* CoreDataModules */ = {
			isa = PBXGroup;
			children = (
				4EE1289F226B63E600196EED /* CoreDataRequests.swift */,
			);
			path = CoreDataModules;
			sourceTree = "<group>";
		};
		4EE59B39226378510012C557 = {
			isa = PBXGroup;
			children = (
				4EE59B44226378510012C557 /* FoodScanner */,
				4EE59B5C226378540012C557 /* FoodScannerTests */,
				4EE59B43226378510012C557 /* Products */,
				E4F96BADD9129DD13311FD7B /* Pods */,
				4437487C9790287E87F58AF8 /* Frameworks */,
			);
			sourceTree = "<group>";
		};
		4EE59B43226378510012C557 /* Products */ = {
			isa = PBXGroup;
			children = (
				4EE59B42226378510012C557 /* FoodScanner.app */,
				4EE59B59226378540012C557 /* FoodScannerTests.xctest */,
			);
			name = Products;
			sourceTree = "<group>";
		};
		4EE59B44226378510012C557 /* FoodScanner */ = {
			isa = PBXGroup;
			children = (
				4EE1289E226B63CB00196EED /* CoreDataModules */,
				4EE12899226B506D00196EED /* Protocols */,
				4EE12896226B3AFA00196EED /* Models */,
				4EE59B7E2263A9120012C557 /* Extensions */,
				4EE59B722263820A0012C557 /* Main */,
				4EE59B6E22637B270012C557 /* Authentication */,
				4EE59B45226378520012C557 /* AppDelegate.swift */,
				4EE59B4F226378530012C557 /* Assets.xcassets */,
				4EE59B51226378530012C557 /* LaunchScreen.storyboard */,
				4EE59B54226378530012C557 /* Info.plist */,
				4EE59B4C226378520012C557 /* FoodScanner.xcdatamodeld */,
			);
			path = FoodScanner;
			sourceTree = "<group>";
		};
		4EE59B5C226378540012C557 /* FoodScannerTests */ = {
			isa = PBXGroup;
			children = (
				4EE59B5D226378540012C557 /* FoodScannerTests.swift */,
				4EE59B5F226378540012C557 /* Info.plist */,
			);
			path = FoodScannerTests;
			sourceTree = "<group>";
		};
		4EE59B68226379650012C557 /* AuthenticationStoryboard */ = {
			isa = PBXGroup;
			children = (
				4EE59B6922637A200012C557 /* Authentication.storyboard */,
			);
			path = AuthenticationStoryboard;
			sourceTree = "<group>";
		};
		4EE59B6B22637A660012C557 /* LoginVC */ = {
			isa = PBXGroup;
			children = (
				4EE59B6C22637A990012C557 /* LoginViewController.swift */,
				4EE59B7C226395B90012C557 /* LoginViewViewModel.swift */,
			);
			path = LoginVC;
			sourceTree = "<group>";
		};
		4EE59B6E22637B270012C557 /* Authentication */ = {
			isa = PBXGroup;
			children = (
				4EE59B68226379650012C557 /* AuthenticationStoryboard */,
				4EE59B6F22637BAC0012C557 /* RegistrationVC */,
				4EE59B6B22637A660012C557 /* LoginVC */,
			);
			path = Authentication;
			sourceTree = "<group>";
		};
		4EE59B6F22637BAC0012C557 /* RegistrationVC */ = {
			isa = PBXGroup;
			children = (
				4EE59B7022637BC90012C557 /* RegistrationViewController.swift */,
			);
			path = RegistrationVC;
			sourceTree = "<group>";
		};
		4EE59B722263820A0012C557 /* Main */ = {
			isa = PBXGroup;
			children = (
				4EE128932267C56500196EED /* AboutUsVC */,
				4EE59B79226384030012C557 /* AlbumVC */,
				4EE59B76226383CF0012C557 /* CameraVC */,
				4EE59B732263835D0012C557 /* Main View */,
				4EE59B49226378520012C557 /* Main.storyboard */,
			);
			path = Main;
			sourceTree = "<group>";
		};
		4EE59B732263835D0012C557 /* Main View */ = {
			isa = PBXGroup;
			children = (
				4EE59B74226383BC0012C557 /* MainViewController.swift */,
				4EE59B7F2263B4D30012C557 /* MainViewCell.swift */,
				4EE59B802263B4D30012C557 /* MainViewCell.xib */,
				4EE59B832263B6330012C557 /* MainViewViewModel.swift */,
			);
			path = "Main View";
			sourceTree = "<group>";
		};
		4EE59B76226383CF0012C557 /* CameraVC */ = {
			isa = PBXGroup;
			children = (
				4EE59B77226383ED0012C557 /* CameraViewController.swift */,
			);
			path = CameraVC;
			sourceTree = "<group>";
		};
		4EE59B79226384030012C557 /* AlbumVC */ = {
			isa = PBXGroup;
			children = (
				4EE59B7A2263841C0012C557 /* AlbumViewController.swift */,
				4EE128A1226B662400196EED /* imageCell.swift */,
				4EE128A2226B662400196EED /* imageCell.xib */,
				4EE128A5226B672200196EED /* AlbumViewViewModel.swift */,
			);
			path = AlbumVC;
			sourceTree = "<group>";
		};
		4EE59B7E2263A9120012C557 /* Extensions */ = {
			isa = PBXGroup;
			children = (
				4EE1289C226B548D00196EED /* Extensions.swift */,
			);
			path = Extensions;
			sourceTree = "<group>";
		};
		E4F96BADD9129DD13311FD7B /* Pods */ = {
			isa = PBXGroup;
			children = (
				40D485590108561E61050EFA /* Pods-FoodScanner.debug.xcconfig */,
				9FADDF000B60C4BF936EBF5C /* Pods-FoodScanner.release.xcconfig */,
				CA9120020D40DA81A4D00BCD /* Pods-FoodScannerTests.debug.xcconfig */,
				C0843D8B18B9447B51D26AB3 /* Pods-FoodScannerTests.release.xcconfig */,
			);
			name = Pods;
			sourceTree = "<group>";
		};
/* End PBXGroup section */

/* Begin PBXNativeTarget section */
		4EE59B41226378510012C557 /* FoodScanner */ = {
			isa = PBXNativeTarget;
			buildConfigurationList = 4EE59B62226378540012C557 /* Build configuration list for PBXNativeTarget "FoodScanner" */;
			buildPhases = (
				AC82D81154F49A1EF547E3A2 /* [CP] Check Pods Manifest.lock */,
				4EE59B3E226378510012C557 /* Sources */,
				4EE59B3F226378510012C557 /* Frameworks */,
				4EE59B40226378510012C557 /* Resources */,
				4A6C4C3FB45B310F31280552 /* [CP] Embed Pods Frameworks */,
			);
			buildRules = (
			);
			dependencies = (
			);
			name = FoodScanner;
			productName = FoodScanner;
			productReference = 4EE59B42226378510012C557 /* FoodScanner.app */;
			productType = "com.apple.product-type.application";
		};
		4EE59B58226378530012C557 /* FoodScannerTests */ = {
			isa = PBXNativeTarget;
			buildConfigurationList = 4EE59B65226378540012C557 /* Build configuration list for PBXNativeTarget "FoodScannerTests" */;
			buildPhases = (
				B0895324196B1BC174B60E16 /* [CP] Check Pods Manifest.lock */,
				4EE59B55226378530012C557 /* Sources */,
				4EE59B56226378530012C557 /* Frameworks */,
				4EE59B57226378530012C557 /* Resources */,
			);
			buildRules = (
			);
			dependencies = (
				4EE59B5B226378540012C557 /* PBXTargetDependency */,
			);
			name = FoodScannerTests;
			productName = FoodScannerTests;
			productReference = 4EE59B59226378540012C557 /* FoodScannerTests.xctest */;
			productType = "com.apple.product-type.bundle.unit-test";
		};
/* End PBXNativeTarget section */

/* Begin PBXProject section */
		4EE59B3A226378510012C557 /* Project object */ = {
			isa = PBXProject;
			attributes = {
				LastSwiftUpdateCheck = 1010;
				LastUpgradeCheck = 1010;
				ORGANIZATIONNAME = "Ali Jaber";
				TargetAttributes = {
					4EE59B41226378510012C557 = {
						CreatedOnToolsVersion = 10.1;
					};
					4EE59B58226378530012C557 = {
						CreatedOnToolsVersion = 10.1;
						TestTargetID = 4EE59B41226378510012C557;
					};
				};
			};
			buildConfigurationList = 4EE59B3D226378510012C557 /* Build configuration list for PBXProject "FoodScanner" */;
			compatibilityVersion = "Xcode 9.3";
			developmentRegion = en;
			hasScannedForEncodings = 0;
			knownRegions = (
				en,
				Base,
			);
			mainGroup = 4EE59B39226378510012C557;
			productRefGroup = 4EE59B43226378510012C557 /* Products */;
			projectDirPath = "";
			projectRoot = "";
			targets = (
				4EE59B41226378510012C557 /* FoodScanner */,
				4EE59B58226378530012C557 /* FoodScannerTests */,
			);
		};
/* End PBXProject section */

/* Begin PBXResourcesBuildPhase section */
		4EE59B40226378510012C557 /* Resources */ = {
			isa = PBXResourcesBuildPhase;
			buildActionMask = 2147483647;
			files = (
				4EE59B6A22637A200012C557 /* Authentication.storyboard in Resources */,
				4EE128A4226B662400196EED /* imageCell.xib in Resources */,
				4EE59B53226378530012C557 /* LaunchScreen.storyboard in Resources */,
				4EE59B50226378530012C557 /* Assets.xcassets in Resources */,
				4EE59B4B226378520012C557 /* Main.storyboard in Resources */,
				4EE59B822263B4D30012C557 /* MainViewCell.xib in Resources */,
			);
			runOnlyForDeploymentPostprocessing = 0;
		};
		4EE59B57226378530012C557 /* Resources */ = {
			isa = PBXResourcesBuildPhase;
			buildActionMask = 2147483647;
			files = (
			);
			runOnlyForDeploymentPostprocessing = 0;
		};
/* End PBXResourcesBuildPhase section */

/* Begin PBXShellScriptBuildPhase section */
		4A6C4C3FB45B310F31280552 /* [CP] Embed Pods Frameworks */ = {
			isa = PBXShellScriptBuildPhase;
			buildActionMask = 2147483647;
			files = (
			);
			inputPaths = (
				"${SRCROOT}/Pods/Target Support Files/Pods-FoodScanner/Pods-FoodScanner-frameworks.sh",
				"${BUILT_PRODUCTS_DIR}/PixelEditor/PixelEditor.framework",
				"${BUILT_PRODUCTS_DIR}/PixelEngine/PixelEngine.framework",
			);
			name = "[CP] Embed Pods Frameworks";
			outputPaths = (
				"${TARGET_BUILD_DIR}/${FRAMEWORKS_FOLDER_PATH}/PixelEditor.framework",
				"${TARGET_BUILD_DIR}/${FRAMEWORKS_FOLDER_PATH}/PixelEngine.framework",
			);
			runOnlyForDeploymentPostprocessing = 0;
			shellPath = /bin/sh;
			shellScript = "\"${SRCROOT}/Pods/Target Support Files/Pods-FoodScanner/Pods-FoodScanner-frameworks.sh\"\n";
			showEnvVarsInLog = 0;
		};
		AC82D81154F49A1EF547E3A2 /* [CP] Check Pods Manifest.lock */ = {
			isa = PBXShellScriptBuildPhase;
			buildActionMask = 2147483647;
			files = (
			);
			inputPaths = (
				"${PODS_PODFILE_DIR_PATH}/Podfile.lock",
				"${PODS_ROOT}/Manifest.lock",
			);
			name = "[CP] Check Pods Manifest.lock";
			outputPaths = (
				"$(DERIVED_FILE_DIR)/Pods-FoodScanner-checkManifestLockResult.txt",
			);
			runOnlyForDeploymentPostprocessing = 0;
			shellPath = /bin/sh;
			shellScript = "diff \"${PODS_PODFILE_DIR_PATH}/Podfile.lock\" \"${PODS_ROOT}/Manifest.lock\" > /dev/null\nif [ $? != 0 ] ; then\n    # print error to STDERR\n    echo \"error: The sandbox is not in sync with the Podfile.lock. Run 'pod install' or update your CocoaPods installation.\" >&2\n    exit 1\nfi\n# This output is used by Xcode 'outputs' to avoid re-running this script phase.\necho \"SUCCESS\" > \"${SCRIPT_OUTPUT_FILE_0}\"\n";
			showEnvVarsInLog = 0;
		};
		B0895324196B1BC174B60E16 /* [CP] Check Pods Manifest.lock */ = {
			isa = PBXShellScriptBuildPhase;
			buildActionMask = 2147483647;
			files = (
			);
			inputPaths = (
				"${PODS_PODFILE_DIR_PATH}/Podfile.lock",
				"${PODS_ROOT}/Manifest.lock",
			);
			name = "[CP] Check Pods Manifest.lock";
			outputPaths = (
				"$(DERIVED_FILE_DIR)/Pods-FoodScannerTests-checkManifestLockResult.txt",
			);
			runOnlyForDeploymentPostprocessing = 0;
			shellPath = /bin/sh;
			shellScript = "diff \"${PODS_PODFILE_DIR_PATH}/Podfile.lock\" \"${PODS_ROOT}/Manifest.lock\" > /dev/null\nif [ $? != 0 ] ; then\n    # print error to STDERR\n    echo \"error: The sandbox is not in sync with the Podfile.lock. Run 'pod install' or update your CocoaPods installation.\" >&2\n    exit 1\nfi\n# This output is used by Xcode 'outputs' to avoid re-running this script phase.\necho \"SUCCESS\" > \"${SCRIPT_OUTPUT_FILE_0}\"\n";
			showEnvVarsInLog = 0;
		};
/* End PBXShellScriptBuildPhase section */

/* Begin PBXSourcesBuildPhase section */
		4EE59B3E226378510012C557 /* Sources */ = {
			isa = PBXSourcesBuildPhase;
			buildActionMask = 2147483647;
			files = (
				4EE128A0226B63E600196EED /* CoreDataRequests.swift in Sources */,
				4EE59B6D22637A990012C557 /* LoginViewController.swift in Sources */,
				4EE59B842263B6330012C557 /* MainViewViewModel.swift in Sources */,
				4EE128A6226B672200196EED /* AlbumViewViewModel.swift in Sources */,
				4EE59B4E226378520012C557 /* FoodScanner.xcdatamodeld in Sources */,
				4EE128952267C58500196EED /* AboutUsViewController.swift in Sources */,
				4EE59B75226383BC0012C557 /* MainViewController.swift in Sources */,
				4EE59B7D226395B90012C557 /* LoginViewViewModel.swift in Sources */,
				4EE59B812263B4D30012C557 /* MainViewCell.swift in Sources */,
				4EE59B7B2263841C0012C557 /* AlbumViewController.swift in Sources */,
				4EE12898226B3B1900196EED /* IconDetails.swift in Sources */,
				4EE1289B226B507F00196EED /* Protocols.swift in Sources */,
				4EE59B78226383ED0012C557 /* CameraViewController.swift in Sources */,
				4EE128A8226CAEFF00196EED /* Images.swift in Sources */,
				4EE128AA226CAFDB00196EED /* UserdefaultHelper.swift in Sources */,
				4EE59B46226378520012C557 /* AppDelegate.swift in Sources */,
				4EE128A3226B662400196EED /* imageCell.swift in Sources */,
				4EE59B7122637BC90012C557 /* RegistrationViewController.swift in Sources */,
				4EE1289D226B548D00196EED /* Extensions.swift in Sources */,
			);
			runOnlyForDeploymentPostprocessing = 0;
		};
		4EE59B55226378530012C557 /* Sources */ = {
			isa = PBXSourcesBuildPhase;
			buildActionMask = 2147483647;
			files = (
				4EE59B5E226378540012C557 /* FoodScannerTests.swift in Sources */,
			);
			runOnlyForDeploymentPostprocessing = 0;
		};
/* End PBXSourcesBuildPhase section */

/* Begin PBXTargetDependency section */
		4EE59B5B226378540012C557 /* PBXTargetDependency */ = {
			isa = PBXTargetDependency;
			target = 4EE59B41226378510012C557 /* FoodScanner */;
			targetProxy = 4EE59B5A226378540012C557 /* PBXContainerItemProxy */;
		};
/* End PBXTargetDependency section */

/* Begin PBXVariantGroup section */
		4EE59B49226378520012C557 /* Main.storyboard */ = {
			isa = PBXVariantGroup;
			children = (
				4EE59B4A226378520012C557 /* Base */,
			);
			name = Main.storyboard;
			sourceTree = "<group>";
		};
		4EE59B51226378530012C557 /* LaunchScreen.storyboard */ = {
			isa = PBXVariantGroup;
			children = (
				4EE59B52226378530012C557 /* Base */,
			);
			name = LaunchScreen.storyboard;
			sourceTree = "<group>";
		};
/* End PBXVariantGroup section */

/* Begin XCBuildConfiguration section */
		4EE59B60226378540012C557 /* Debug */ = {
			isa = XCBuildConfiguration;
			buildSettings = {
				ALWAYS_SEARCH_USER_PATHS = NO;
				CLANG_ANALYZER_NONNULL = YES;
				CLANG_ANALYZER_NUMBER_OBJECT_CONVERSION = YES_AGGRESSIVE;
				CLANG_CXX_LANGUAGE_STANDARD = "gnu++14";
				CLANG_CXX_LIBRARY = "libc++";
				CLANG_ENABLE_MODULES = YES;
				CLANG_ENABLE_OBJC_ARC = YES;
				CLANG_ENABLE_OBJC_WEAK = YES;
				CLANG_WARN_BLOCK_CAPTURE_AUTORELEASING = YES;
				CLANG_WARN_BOOL_CONVERSION = YES;
				CLANG_WARN_COMMA = YES;
				CLANG_WARN_CONSTANT_CONVERSION = YES;
				CLANG_WARN_DEPRECATED_OBJC_IMPLEMENTATIONS = YES;
				CLANG_WARN_DIRECT_OBJC_ISA_USAGE = YES_ERROR;
				CLANG_WARN_DOCUMENTATION_COMMENTS = YES;
				CLANG_WARN_EMPTY_BODY = YES;
				CLANG_WARN_ENUM_CONVERSION = YES;
				CLANG_WARN_INFINITE_RECURSION = YES;
				CLANG_WARN_INT_CONVERSION = YES;
				CLANG_WARN_NON_LITERAL_NULL_CONVERSION = YES;
				CLANG_WARN_OBJC_IMPLICIT_RETAIN_SELF = YES;
				CLANG_WARN_OBJC_LITERAL_CONVERSION = YES;
				CLANG_WARN_OBJC_ROOT_CLASS = YES_ERROR;
				CLANG_WARN_RANGE_LOOP_ANALYSIS = YES;
				CLANG_WARN_STRICT_PROTOTYPES = YES;
				CLANG_WARN_SUSPICIOUS_MOVE = YES;
				CLANG_WARN_UNGUARDED_AVAILABILITY = YES_AGGRESSIVE;
				CLANG_WARN_UNREACHABLE_CODE = YES;
				CLANG_WARN__DUPLICATE_METHOD_MATCH = YES;
				CODE_SIGN_IDENTITY = "iPhone Developer";
				COPY_PHASE_STRIP = NO;
				DEBUG_INFORMATION_FORMAT = dwarf;
				ENABLE_STRICT_OBJC_MSGSEND = YES;
				ENABLE_TESTABILITY = YES;
				GCC_C_LANGUAGE_STANDARD = gnu11;
				GCC_DYNAMIC_NO_PIC = NO;
				GCC_NO_COMMON_BLOCKS = YES;
				GCC_OPTIMIZATION_LEVEL = 0;
				GCC_PREPROCESSOR_DEFINITIONS = (
					"DEBUG=1",
					"$(inherited)",
				);
				GCC_WARN_64_TO_32_BIT_CONVERSION = YES;
				GCC_WARN_ABOUT_RETURN_TYPE = YES_ERROR;
				GCC_WARN_UNDECLARED_SELECTOR = YES;
				GCC_WARN_UNINITIALIZED_AUTOS = YES_AGGRESSIVE;
				GCC_WARN_UNUSED_FUNCTION = YES;
				GCC_WARN_UNUSED_VARIABLE = YES;
				IPHONEOS_DEPLOYMENT_TARGET = 12.1;
				MTL_ENABLE_DEBUG_INFO = INCLUDE_SOURCE;
				MTL_FAST_MATH = YES;
				ONLY_ACTIVE_ARCH = YES;
				SDKROOT = iphoneos;
				SWIFT_ACTIVE_COMPILATION_CONDITIONS = DEBUG;
				SWIFT_OPTIMIZATION_LEVEL = "-Onone";
			};
			name = Debug;
		};
		4EE59B61226378540012C557 /* Release */ = {
			isa = XCBuildConfiguration;
			buildSettings = {
				ALWAYS_SEARCH_USER_PATHS = NO;
				CLANG_ANALYZER_NONNULL = YES;
				CLANG_ANALYZER_NUMBER_OBJECT_CONVERSION = YES_AGGRESSIVE;
				CLANG_CXX_LANGUAGE_STANDARD = "gnu++14";
				CLANG_CXX_LIBRARY = "libc++";
				CLANG_ENABLE_MODULES = YES;
				CLANG_ENABLE_OBJC_ARC = YES;
				CLANG_ENABLE_OBJC_WEAK = YES;
				CLANG_WARN_BLOCK_CAPTURE_AUTORELEASING = YES;
				CLANG_WARN_BOOL_CONVERSION = YES;
				CLANG_WARN_COMMA = YES;
				CLANG_WARN_CONSTANT_CONVERSION = YES;
				CLANG_WARN_DEPRECATED_OBJC_IMPLEMENTATIONS = YES;
				CLANG_WARN_DIRECT_OBJC_ISA_USAGE = YES_ERROR;
				CLANG_WARN_DOCUMENTATION_COMMENTS = YES;
				CLANG_WARN_EMPTY_BODY = YES;
				CLANG_WARN_ENUM_CONVERSION = YES;
				CLANG_WARN_INFINITE_RECURSION = YES;
				CLANG_WARN_INT_CONVERSION = YES;
				CLANG_WARN_NON_LITERAL_NULL_CONVERSION = YES;
				CLANG_WARN_OBJC_IMPLICIT_RETAIN_SELF = YES;
				CLANG_WARN_OBJC_LITERAL_CONVERSION = YES;
				CLANG_WARN_OBJC_ROOT_CLASS = YES_ERROR;
				CLANG_WARN_RANGE_LOOP_ANALYSIS = YES;
				CLANG_WARN_STRICT_PROTOTYPES = YES;
				CLANG_WARN_SUSPICIOUS_MOVE = YES;
				CLANG_WARN_UNGUARDED_AVAILABILITY = YES_AGGRESSIVE;
				CLANG_WARN_UNREACHABLE_CODE = YES;
				CLANG_WARN__DUPLICATE_METHOD_MATCH = YES;
				CODE_SIGN_IDENTITY = "iPhone Developer";
				COPY_PHASE_STRIP = NO;
				DEBUG_INFORMATION_FORMAT = "dwarf-with-dsym";
				ENABLE_NS_ASSERTIONS = NO;
				ENABLE_STRICT_OBJC_MSGSEND = YES;
				GCC_C_LANGUAGE_STANDARD = gnu11;
				GCC_NO_COMMON_BLOCKS = YES;
				GCC_WARN_64_TO_32_BIT_CONVERSION = YES;
				GCC_WARN_ABOUT_RETURN_TYPE = YES_ERROR;
				GCC_WARN_UNDECLARED_SELECTOR = YES;
				GCC_WARN_UNINITIALIZED_AUTOS = YES_AGGRESSIVE;
				GCC_WARN_UNUSED_FUNCTION = YES;
				GCC_WARN_UNUSED_VARIABLE = YES;
				IPHONEOS_DEPLOYMENT_TARGET = 12.1;
				MTL_ENABLE_DEBUG_INFO = NO;
				MTL_FAST_MATH = YES;
				SDKROOT = iphoneos;
				SWIFT_COMPILATION_MODE = wholemodule;
				SWIFT_OPTIMIZATION_LEVEL = "-O";
				VALIDATE_PRODUCT = YES;
			};
			name = Release;
		};
		4EE59B63226378540012C557 /* Debug */ = {
			isa = XCBuildConfiguration;
			baseConfigurationReference = 40D485590108561E61050EFA /* Pods-FoodScanner.debug.xcconfig */;
			buildSettings = {
				ASSETCATALOG_COMPILER_APPICON_NAME = AppIcon;
				CODE_SIGN_STYLE = Automatic;
				DEVELOPMENT_TEAM = U7Y6QX97LR;
				INFOPLIST_FILE = FoodScanner/Info.plist;
				LD_RUNPATH_SEARCH_PATHS = (
					"$(inherited)",
					"@executable_path/Frameworks",
				);
				PRODUCT_BUNDLE_IDENTIFIER = "Ali-Jaber.FoodScanner";
				PRODUCT_NAME = "$(TARGET_NAME)";
				SWIFT_VERSION = 4.2;
				TARGETED_DEVICE_FAMILY = "1,2";
			};
			name = Debug;
		};
		4EE59B64226378540012C557 /* Release */ = {
			isa = XCBuildConfiguration;
			baseConfigurationReference = 9FADDF000B60C4BF936EBF5C /* Pods-FoodScanner.release.xcconfig */;
			buildSettings = {
				ASSETCATALOG_COMPILER_APPICON_NAME = AppIcon;
				CODE_SIGN_STYLE = Automatic;
				DEVELOPMENT_TEAM = U7Y6QX97LR;
				INFOPLIST_FILE = FoodScanner/Info.plist;
				LD_RUNPATH_SEARCH_PATHS = (
					"$(inherited)",
					"@executable_path/Frameworks",
				);
				PRODUCT_BUNDLE_IDENTIFIER = "Ali-Jaber.FoodScanner";
				PRODUCT_NAME = "$(TARGET_NAME)";
				SWIFT_VERSION = 4.2;
				TARGETED_DEVICE_FAMILY = "1,2";
			};
			name = Release;
		};
		4EE59B66226378540012C557 /* Debug */ = {
			isa = XCBuildConfiguration;
			baseConfigurationReference = CA9120020D40DA81A4D00BCD /* Pods-FoodScannerTests.debug.xcconfig */;
			buildSettings = {
				ALWAYS_EMBED_SWIFT_STANDARD_LIBRARIES = YES;
				BUNDLE_LOADER = "$(TEST_HOST)";
				CODE_SIGN_STYLE = Automatic;
				DEVELOPMENT_TEAM = U7Y6QX97LR;
				INFOPLIST_FILE = FoodScannerTests/Info.plist;
				LD_RUNPATH_SEARCH_PATHS = (
					"$(inherited)",
					"@executable_path/Frameworks",
					"@loader_path/Frameworks",
				);
				PRODUCT_BUNDLE_IDENTIFIER = "Ali-Jaber.FoodScannerTests";
				PRODUCT_NAME = "$(TARGET_NAME)";
				SWIFT_VERSION = 4.2;
				TARGETED_DEVICE_FAMILY = "1,2";
				TEST_HOST = "$(BUILT_PRODUCTS_DIR)/FoodScanner.app/FoodScanner";
			};
			name = Debug;
		};
		4EE59B67226378540012C557 /* Release */ = {
			isa = XCBuildConfiguration;
			baseConfigurationReference = C0843D8B18B9447B51D26AB3 /* Pods-FoodScannerTests.release.xcconfig */;
			buildSettings = {
				ALWAYS_EMBED_SWIFT_STANDARD_LIBRARIES = YES;
				BUNDLE_LOADER = "$(TEST_HOST)";
				CODE_SIGN_STYLE = Automatic;
				DEVELOPMENT_TEAM = U7Y6QX97LR;
				INFOPLIST_FILE = FoodScannerTests/Info.plist;
				LD_RUNPATH_SEARCH_PATHS = (
					"$(inherited)",
					"@executable_path/Frameworks",
					"@loader_path/Frameworks",
				);
				PRODUCT_BUNDLE_IDENTIFIER = "Ali-Jaber.FoodScannerTests";
				PRODUCT_NAME = "$(TARGET_NAME)";
				SWIFT_VERSION = 4.2;
				TARGETED_DEVICE_FAMILY = "1,2";
				TEST_HOST = "$(BUILT_PRODUCTS_DIR)/FoodScanner.app/FoodScanner";
			};
			name = Release;
		};
/* End XCBuildConfiguration section */

/* Begin XCConfigurationList section */
		4EE59B3D226378510012C557 /* Build configuration list for PBXProject "FoodScanner" */ = {
			isa = XCConfigurationList;
			buildConfigurations = (
				4EE59B60226378540012C557 /* Debug */,
				4EE59B61226378540012C557 /* Release */,
			);
			defaultConfigurationIsVisible = 0;
			defaultConfigurationName = Release;
		};
		4EE59B62226378540012C557 /* Build configuration list for PBXNativeTarget "FoodScanner" */ = {
			isa = XCConfigurationList;
			buildConfigurations = (
				4EE59B63226378540012C557 /* Debug */,
				4EE59B64226378540012C557 /* Release */,
			);
			defaultConfigurationIsVisible = 0;
			defaultConfigurationName = Release;
		};
		4EE59B65226378540012C557 /* Build configuration list for PBXNativeTarget "FoodScannerTests" */ = {
			isa = XCConfigurationList;
			buildConfigurations = (
				4EE59B66226378540012C557 /* Debug */,
				4EE59B67226378540012C557 /* Release */,
			);
			defaultConfigurationIsVisible = 0;
			defaultConfigurationName = Release;
		};
/* End XCConfigurationList section */

/* Begin XCVersionGroup section */
		4EE59B4C226378520012C557 /* FoodScanner.xcdatamodeld */ = {
			isa = XCVersionGroup;
			children = (
				4EE59B4D226378520012C557 /* FoodScanner.xcdatamodel */,
			);
			currentVersion = 4EE59B4D226378520012C557 /* FoodScanner.xcdatamodel */;
			path = FoodScanner.xcdatamodeld;
			sourceTree = "<group>";
			versionGroupType = wrapper.xcdatamodel;
		};
/* End XCVersionGroup section */
	};
	rootObject = 4EE59B3A226378510012C557 /* Project object */;
}
